
Microsoft Visual Studio Solution File, Format Version 12.00
# Visual Studio 15
VisualStudioVersion = 15.0.27130.2036
MinimumVisualStudioVersion = 10.0.40219.1
Project("{FAE04EC0-301F-11D3-BF4B-00C04F79EFBC}") = "ConsoleApp1_Bin_To_Decimal", "ConsoleApp1_Bin_To_Decimal\ConsoleApp1_Bin_To_Decimal.csproj", "{F9F4C67E-41DF-4BFB-93D6-CF8D63D50D92}"
EndProject
Global
	GlobalSection(SolutionConfigurationPlatforms) = preSolution
		Debug|Any CPU = Debug|Any CPU
		Release|Any CPU = Release|Any CPU
	EndGlobalSection
	GlobalSection(ProjectConfigurationPlatforms) = postSolution
		{F9F4C67E-41DF-4BFB-93D6-CF8D63D50D92}.Debug|Any CPU.ActiveCfg = Debug|Any CPU
		{F9F4C67E-41DF-4BFB-93D6-CF8D63D50D92}.Debug|Any CPU.Build.0 = Debug|Any CPU
		{F9F4C67E-41DF-4BFB-93D6-CF8D63D50D92}.Release|Any CPU.ActiveCfg = Release|Any CPU
		{F9F4C67E-41DF-4BFB-93D6-CF8D63D50D92}.Release|Any CPU.Build.0 = Release|Any CPU
	EndGlobalSection
	GlobalSection(SolutionProperties) = preSolution
		HideSolutionNode = FALSE
	EndGlobalSection
	GlobalSection(ExtensibilityGlobals) = postSolution
		SolutionGuid = {50319B85-2EA1-4934-B02F-F62F83A909D2}
	EndGlobalSection
EndGlobal
